
Microsoft Visual Studio Solution File, Format Version 12.00
# Visual Studio Version 16
VisualStudioVersion = 16.0.33027.164
MinimumVisualStudioVersion = 10.0.40219.1
Project("{FAE04EC0-301F-11D3-BF4B-00C04F79EFBC}") = "CrystalReports_G5", "CrystalReports_G5\CrystalReports_G5.csproj", "{1F80D69A-7F2F-429E-82DF-2E50703B8ABB}"
EndProject
Global
	GlobalSection(SolutionConfigurationPlatforms) = preSolution
		Debug|Any CPU = Debug|Any CPU
		Release|Any CPU = Release|Any CPU
	EndGlobalSection
	GlobalSection(ProjectConfigurationPlatforms) = postSolution
		{1F80D69A-7F2F-429E-82DF-2E50703B8ABB}.Debug|Any CPU.ActiveCfg = Debug|Any CPU
		{1F80D69A-7F2F-429E-82DF-2E50703B8ABB}.Debug|Any CPU.Build.0 = Debug|Any CPU
		{1F80D69A-7F2F-429E-82DF-2E50703B8ABB}.Release|Any CPU.ActiveCfg = Release|Any CPU
		{1F80D69A-7F2F-429E-82DF-2E50703B8ABB}.Release|Any CPU.Build.0 = Release|Any CPU
	EndGlobalSection
	GlobalSection(SolutionProperties) = preSolution
		HideSolutionNode = FALSE
	EndGlobalSection
	GlobalSection(ExtensibilityGlobals) = postSolution
		SolutionGuid = {C73EBCB2-67B2-4169-9A3E-F490A65B5746}
	EndGlobalSection
EndGlobal
